
Microsoft Visual Studio Solution File, Format Version 12.00
# Visual Studio 15
VisualStudioVersion = 15.0.27428.2037
MinimumVisualStudioVersion = 10.0.40219.1
Project("{FAE04EC0-301F-11D3-BF4B-00C04F79EFBC}") = "AddressBookApp", "AddressBookApp\AddressBookApp.csproj", "{220421C7-E79E-416A-8042-B3208FB28A3C}"
EndProject
Global
	GlobalSection(SolutionConfigurationPlatforms) = preSolution
		Debug|Any CPU = Debug|Any CPU
		Release|Any CPU = Release|Any CPU
	EndGlobalSection
	GlobalSection(ProjectConfigurationPlatforms) = postSolution
		{220421C7-E79E-416A-8042-B3208FB28A3C}.Debug|Any CPU.ActiveCfg = Debug|Any CPU
		{220421C7-E79E-416A-8042-B3208FB28A3C}.Debug|Any CPU.Build.0 = Debug|Any CPU
		{220421C7-E79E-416A-8042-B3208FB28A3C}.Release|Any CPU.ActiveCfg = Release|Any CPU
		{220421C7-E79E-416A-8042-B3208FB28A3C}.Release|Any CPU.Build.0 = Release|Any CPU
	EndGlobalSection
	GlobalSection(SolutionProperties) = preSolution
		HideSolutionNode = FALSE
	EndGlobalSection
	GlobalSection(ExtensibilityGlobals) = postSolution
		SolutionGuid = {54FA7BA7-BE02-42B0-AE78-B906537D6CB4}
	EndGlobalSection
EndGlobal
