
Microsoft Visual Studio Solution File, Format Version 12.00
# Visual Studio 14
VisualStudioVersion = 14.0.25420.1
MinimumVisualStudioVersion = 10.0.40219.1
Project("{FAE04EC0-301F-11D3-BF4B-00C04F79EFBC}") = "MvcDemo", "MvcDemo\MvcDemo.csproj", "{2FFADF8A-4D9E-4DB8-AC75-3BB72D45F725}"
EndProject
Project("{FAE04EC0-301F-11D3-BF4B-00C04F79EFBC}") = "MvcDemo.Data", "MvcDemo.Data\MvcDemo.Data.csproj", "{52758C29-2A93-4F28-BB4C-71A72F3269D8}"
EndProject
Project("{FAE04EC0-301F-11D3-BF4B-00C04F79EFBC}") = "MvcDemo.Ajax", "MvcDemo.Ajax\MvcDemo.Ajax.csproj", "{DBEF9CC2-0904-448B-98EC-72A375E413DF}"
EndProject
Project("{2150E333-8FDC-42A3-9474-1A3956D46DE8}") = "Utan AJAX", "Utan AJAX", "{83B2D28D-EF47-4AA0-B96C-4778A7D6B684}"
EndProject
Project("{2150E333-8FDC-42A3-9474-1A3956D46DE8}") = "Med AJAX", "Med AJAX", "{87BB5DD8-D822-4F34-B032-60F0137B37C8}"
EndProject
Global
	GlobalSection(SolutionConfigurationPlatforms) = preSolution
		Debug|Any CPU = Debug|Any CPU
		Release|Any CPU = Release|Any CPU
	EndGlobalSection
	GlobalSection(ProjectConfigurationPlatforms) = postSolution
		{2FFADF8A-4D9E-4DB8-AC75-3BB72D45F725}.Debug|Any CPU.ActiveCfg = Debug|Any CPU
		{2FFADF8A-4D9E-4DB8-AC75-3BB72D45F725}.Debug|Any CPU.Build.0 = Debug|Any CPU
		{2FFADF8A-4D9E-4DB8-AC75-3BB72D45F725}.Release|Any CPU.ActiveCfg = Release|Any CPU
		{2FFADF8A-4D9E-4DB8-AC75-3BB72D45F725}.Release|Any CPU.Build.0 = Release|Any CPU
		{52758C29-2A93-4F28-BB4C-71A72F3269D8}.Debug|Any CPU.ActiveCfg = Debug|Any CPU
		{52758C29-2A93-4F28-BB4C-71A72F3269D8}.Debug|Any CPU.Build.0 = Debug|Any CPU
		{52758C29-2A93-4F28-BB4C-71A72F3269D8}.Release|Any CPU.ActiveCfg = Release|Any CPU
		{52758C29-2A93-4F28-BB4C-71A72F3269D8}.Release|Any CPU.Build.0 = Release|Any CPU
		{DBEF9CC2-0904-448B-98EC-72A375E413DF}.Debug|Any CPU.ActiveCfg = Debug|Any CPU
		{DBEF9CC2-0904-448B-98EC-72A375E413DF}.Debug|Any CPU.Build.0 = Debug|Any CPU
		{DBEF9CC2-0904-448B-98EC-72A375E413DF}.Release|Any CPU.ActiveCfg = Release|Any CPU
		{DBEF9CC2-0904-448B-98EC-72A375E413DF}.Release|Any CPU.Build.0 = Release|Any CPU
	EndGlobalSection
	GlobalSection(SolutionProperties) = preSolution
		HideSolutionNode = FALSE
	EndGlobalSection
	GlobalSection(NestedProjects) = preSolution
		{2FFADF8A-4D9E-4DB8-AC75-3BB72D45F725} = {87BB5DD8-D822-4F34-B032-60F0137B37C8}
		{DBEF9CC2-0904-448B-98EC-72A375E413DF} = {83B2D28D-EF47-4AA0-B96C-4778A7D6B684}
	EndGlobalSection
EndGlobal
