
Microsoft Visual Studio Solution File, Format Version 12.00
# Visual Studio 14
VisualStudioVersion = 14.0.25420.1
MinimumVisualStudioVersion = 10.0.40219.1
Project("{FAE04EC0-301F-11D3-BF4B-00C04F79EFBC}") = "MvcMedEntityFramework", "MvcMedEntityFramework\MvcMedEntityFramework.csproj", "{2A020415-5A4F-4AEC-99E3-C62600AAEB71}"
EndProject
Project("{FAE04EC0-301F-11D3-BF4B-00C04F79EFBC}") = "MvcMedEntityFramework.Data", "MvcMedEntityFramework.Data\MvcMedEntityFramework.Data.csproj", "{806D6AE7-59BB-4AF1-B0C3-0EF335F58CC5}"
EndProject
Project("{FAE04EC0-301F-11D3-BF4B-00C04F79EFBC}") = "MvcMedEntityFramework.Tests", "MvcMedEntityFramework.Tests\MvcMedEntityFramework.Tests.csproj", "{E5DED4A9-F471-4F69-BCA1-A43D27884E39}"
EndProject
Global
	GlobalSection(SolutionConfigurationPlatforms) = preSolution
		Debug|Any CPU = Debug|Any CPU
		Release|Any CPU = Release|Any CPU
	EndGlobalSection
	GlobalSection(ProjectConfigurationPlatforms) = postSolution
		{2A020415-5A4F-4AEC-99E3-C62600AAEB71}.Debug|Any CPU.ActiveCfg = Debug|Any CPU
		{2A020415-5A4F-4AEC-99E3-C62600AAEB71}.Debug|Any CPU.Build.0 = Debug|Any CPU
		{2A020415-5A4F-4AEC-99E3-C62600AAEB71}.Release|Any CPU.ActiveCfg = Release|Any CPU
		{2A020415-5A4F-4AEC-99E3-C62600AAEB71}.Release|Any CPU.Build.0 = Release|Any CPU
		{806D6AE7-59BB-4AF1-B0C3-0EF335F58CC5}.Debug|Any CPU.ActiveCfg = Debug|Any CPU
		{806D6AE7-59BB-4AF1-B0C3-0EF335F58CC5}.Debug|Any CPU.Build.0 = Debug|Any CPU
		{806D6AE7-59BB-4AF1-B0C3-0EF335F58CC5}.Release|Any CPU.ActiveCfg = Release|Any CPU
		{806D6AE7-59BB-4AF1-B0C3-0EF335F58CC5}.Release|Any CPU.Build.0 = Release|Any CPU
		{E5DED4A9-F471-4F69-BCA1-A43D27884E39}.Debug|Any CPU.ActiveCfg = Debug|Any CPU
		{E5DED4A9-F471-4F69-BCA1-A43D27884E39}.Debug|Any CPU.Build.0 = Debug|Any CPU
		{E5DED4A9-F471-4F69-BCA1-A43D27884E39}.Release|Any CPU.ActiveCfg = Release|Any CPU
		{E5DED4A9-F471-4F69-BCA1-A43D27884E39}.Release|Any CPU.Build.0 = Release|Any CPU
	EndGlobalSection
	GlobalSection(SolutionProperties) = preSolution
		HideSolutionNode = FALSE
	EndGlobalSection
EndGlobal
