
Microsoft Visual Studio Solution File, Format Version 12.00
# Visual Studio 15
VisualStudioVersion = 15.0.26430.13
MinimumVisualStudioVersion = 10.0.40219.1
Project("{FAE04EC0-301F-11D3-BF4B-00C04F79EFBC}") = "ECommerceApp.Core", "ECommerceApp.Core\ECommerceApp.Core.csproj", "{400A7AB2-67CA-4E04-80CF-E7B498C6CEDB}"
EndProject
Project("{FAE04EC0-301F-11D3-BF4B-00C04F79EFBC}") = "ECommerceApp.Infrastructure", "ECommerceApp.Infrastructure\ECommerceApp.Infrastructure.csproj", "{C62F8E6E-FFBA-45F9-9B9A-797ADDB4996D}"
EndProject
Project("{FAE04EC0-301F-11D3-BF4B-00C04F79EFBC}") = "ECommerceApp", "ECommerceApp\ECommerceApp.csproj", "{2EB25310-3AB7-4432-89BB-B35B84DBA16F}"
EndProject
Project("{FAE04EC0-301F-11D3-BF4B-00C04F79EFBC}") = "ECommerceApp.Tests", "ECommerceApp.Tests\ECommerceApp.Tests.csproj", "{5F1501F1-B973-4B27-80D2-5AAF413ACFE1}"
EndProject
Global
	GlobalSection(SolutionConfigurationPlatforms) = preSolution
		Debug|Any CPU = Debug|Any CPU
		Release|Any CPU = Release|Any CPU
	EndGlobalSection
	GlobalSection(ProjectConfigurationPlatforms) = postSolution
		{400A7AB2-67CA-4E04-80CF-E7B498C6CEDB}.Debug|Any CPU.ActiveCfg = Debug|Any CPU
		{400A7AB2-67CA-4E04-80CF-E7B498C6CEDB}.Debug|Any CPU.Build.0 = Debug|Any CPU
		{400A7AB2-67CA-4E04-80CF-E7B498C6CEDB}.Release|Any CPU.ActiveCfg = Release|Any CPU
		{400A7AB2-67CA-4E04-80CF-E7B498C6CEDB}.Release|Any CPU.Build.0 = Release|Any CPU
		{C62F8E6E-FFBA-45F9-9B9A-797ADDB4996D}.Debug|Any CPU.ActiveCfg = Debug|Any CPU
		{C62F8E6E-FFBA-45F9-9B9A-797ADDB4996D}.Debug|Any CPU.Build.0 = Debug|Any CPU
		{C62F8E6E-FFBA-45F9-9B9A-797ADDB4996D}.Release|Any CPU.ActiveCfg = Release|Any CPU
		{C62F8E6E-FFBA-45F9-9B9A-797ADDB4996D}.Release|Any CPU.Build.0 = Release|Any CPU
		{2EB25310-3AB7-4432-89BB-B35B84DBA16F}.Debug|Any CPU.ActiveCfg = Debug|Any CPU
		{2EB25310-3AB7-4432-89BB-B35B84DBA16F}.Debug|Any CPU.Build.0 = Debug|Any CPU
		{2EB25310-3AB7-4432-89BB-B35B84DBA16F}.Release|Any CPU.ActiveCfg = Release|Any CPU
		{2EB25310-3AB7-4432-89BB-B35B84DBA16F}.Release|Any CPU.Build.0 = Release|Any CPU
		{5F1501F1-B973-4B27-80D2-5AAF413ACFE1}.Debug|Any CPU.ActiveCfg = Debug|Any CPU
		{5F1501F1-B973-4B27-80D2-5AAF413ACFE1}.Debug|Any CPU.Build.0 = Debug|Any CPU
		{5F1501F1-B973-4B27-80D2-5AAF413ACFE1}.Release|Any CPU.ActiveCfg = Release|Any CPU
		{5F1501F1-B973-4B27-80D2-5AAF413ACFE1}.Release|Any CPU.Build.0 = Release|Any CPU
	EndGlobalSection
	GlobalSection(SolutionProperties) = preSolution
		HideSolutionNode = FALSE
	EndGlobalSection
EndGlobal
