
Microsoft Visual Studio Solution File, Format Version 12.00
# Visual Studio 14
VisualStudioVersion = 14.0.25420.1
MinimumVisualStudioVersion = 10.0.40219.1
Project("{FAE04EC0-301F-11D3-BF4B-00C04F79EFBC}") = "MvcAuth", "MvcAuth\MvcAuth.csproj", "{8B127D19-F1FE-49AA-B07D-1581BC530968}"
EndProject
Project("{FAE04EC0-301F-11D3-BF4B-00C04F79EFBC}") = "MvcAuth.Data", "MvcAuth.Data\MvcAuth.Data.csproj", "{2432E1BA-3144-4475-AFA1-7F260F60251A}"
EndProject
Project("{FAE04EC0-301F-11D3-BF4B-00C04F79EFBC}") = "MvcAuth.UI.Tests", "MvcAuth.UI.Tests\MvcAuth.UI.Tests.csproj", "{CA5952ED-F3E6-419E-80D8-FEBD10CD9E80}"
EndProject
Global
	GlobalSection(SolutionConfigurationPlatforms) = preSolution
		Debug|Any CPU = Debug|Any CPU
		Release|Any CPU = Release|Any CPU
	EndGlobalSection
	GlobalSection(ProjectConfigurationPlatforms) = postSolution
		{8B127D19-F1FE-49AA-B07D-1581BC530968}.Debug|Any CPU.ActiveCfg = Debug|Any CPU
		{8B127D19-F1FE-49AA-B07D-1581BC530968}.Debug|Any CPU.Build.0 = Debug|Any CPU
		{8B127D19-F1FE-49AA-B07D-1581BC530968}.Release|Any CPU.ActiveCfg = Release|Any CPU
		{8B127D19-F1FE-49AA-B07D-1581BC530968}.Release|Any CPU.Build.0 = Release|Any CPU
		{2432E1BA-3144-4475-AFA1-7F260F60251A}.Debug|Any CPU.ActiveCfg = Debug|Any CPU
		{2432E1BA-3144-4475-AFA1-7F260F60251A}.Debug|Any CPU.Build.0 = Debug|Any CPU
		{2432E1BA-3144-4475-AFA1-7F260F60251A}.Release|Any CPU.ActiveCfg = Release|Any CPU
		{2432E1BA-3144-4475-AFA1-7F260F60251A}.Release|Any CPU.Build.0 = Release|Any CPU
		{CA5952ED-F3E6-419E-80D8-FEBD10CD9E80}.Debug|Any CPU.ActiveCfg = Debug|Any CPU
		{CA5952ED-F3E6-419E-80D8-FEBD10CD9E80}.Debug|Any CPU.Build.0 = Debug|Any CPU
		{CA5952ED-F3E6-419E-80D8-FEBD10CD9E80}.Release|Any CPU.ActiveCfg = Release|Any CPU
		{CA5952ED-F3E6-419E-80D8-FEBD10CD9E80}.Release|Any CPU.Build.0 = Release|Any CPU
	EndGlobalSection
	GlobalSection(SolutionProperties) = preSolution
		HideSolutionNode = FALSE
	EndGlobalSection
EndGlobal
